
Microsoft Visual Studio Solution File, Format Version 12.00
# Visual Studio Version 17
VisualStudioVersion = 17.5.33424.131
MinimumVisualStudioVersion = 10.0.40219.1
Project("{FAE04EC0-301F-11D3-BF4B-00C04F79EFBC}") = "practice_TrekCompany", "practice_TrekCompany\practice_TrekCompany.csproj", "{2D31C515-3333-4F6D-9388-D4DCEC0F9169}"
EndProject
Global
	GlobalSection(SolutionConfigurationPlatforms) = preSolution
		Debug|Any CPU = Debug|Any CPU
		Release|Any CPU = Release|Any CPU
	EndGlobalSection
	GlobalSection(ProjectConfigurationPlatforms) = postSolution
		{2D31C515-3333-4F6D-9388-D4DCEC0F9169}.Debug|Any CPU.ActiveCfg = Debug|Any CPU
		{2D31C515-3333-4F6D-9388-D4DCEC0F9169}.Debug|Any CPU.Build.0 = Debug|Any CPU
		{2D31C515-3333-4F6D-9388-D4DCEC0F9169}.Release|Any CPU.ActiveCfg = Release|Any CPU
		{2D31C515-3333-4F6D-9388-D4DCEC0F9169}.Release|Any CPU.Build.0 = Release|Any CPU
	EndGlobalSection
	GlobalSection(SolutionProperties) = preSolution
		HideSolutionNode = FALSE
	EndGlobalSection
	GlobalSection(ExtensibilityGlobals) = postSolution
		SolutionGuid = {FD88EA86-2DA3-4E22-A296-A7B247C06657}
	EndGlobalSection
EndGlobal
